# This file was autogenerated by uv via the following command:
#    uv pip compile --python-version 3.12 --universal requirements.txt -o requirements.lock
asgiref==3.12.1
    # via django
coverage==7.16.1
    # via -r requirements.txt
django==5.2.17
    # via
    #   -r requirements.txt
    #   djangorestframework
djangorestframework==3.16.1
    # via -r requirements.txt
psycopg==3.3.6
    # via -r requirements.txt
psycopg-binary==3.3.6 ; implementation_name != 'pypy'
    # via psycopg
python-dotenv==1.2.3
    # via -r requirements.txt
ruff==0.16.8
    # via -r requirements.txt
sqlparse==0.6.0
    # via django
typing-extensions==4.16.0 ; python_full_version < '3.13'
    # via psycopg
tzdata==2026.4 ; sys_platform == 'win32'
    # via
    #   django
    #   psycopg
